
Microsoft Visual Studio Solution File, Format Version 12.00
# Visual Studio Version 16
VisualStudioVersion = 16.0.33027.164
MinimumVisualStudioVersion = 10.0.40219.1
Project("{8BC9CEB8-8B4A-11D0-8D11-00A0C91BC942}") = "OOP_Homework_3", "OOP_Homework_3\OOP_Homework_3.vcxproj", "{0B312689-D311-477E-99F8-51ED31EFA6E3}"
EndProject
Global
	GlobalSection(SolutionConfigurationPlatforms) = preSolution
		Debug|x64 = Debug|x64
		Debug|x86 = Debug|x86
		Release|x64 = Release|x64
		Release|x86 = Release|x86
	EndGlobalSection
	GlobalSection(ProjectConfigurationPlatforms) = postSolution
		{0B312689-D311-477E-99F8-51ED31EFA6E3}.Debug|x64.ActiveCfg = Debug|x64
		{0B312689-D311-477E-99F8-51ED31EFA6E3}.Debug|x64.Build.0 = Debug|x64
		{0B312689-D311-477E-99F8-51ED31EFA6E3}.Debug|x86.ActiveCfg = Debug|Win32
		{0B312689-D311-477E-99F8-51ED31EFA6E3}.Debug|x86.Build.0 = Debug|Win32
		{0B312689-D311-477E-99F8-51ED31EFA6E3}.Release|x64.ActiveCfg = Release|x64
		{0B312689-D311-477E-99F8-51ED31EFA6E3}.Release|x64.Build.0 = Release|x64
		{0B312689-D311-477E-99F8-51ED31EFA6E3}.Release|x86.ActiveCfg = Release|Win32
		{0B312689-D311-477E-99F8-51ED31EFA6E3}.Release|x86.Build.0 = Release|Win32
	EndGlobalSection
	GlobalSection(SolutionProperties) = preSolution
		HideSolutionNode = FALSE
	EndGlobalSection
	GlobalSection(ExtensibilityGlobals) = postSolution
		SolutionGuid = {40CDE29F-C3B5-4710-8B2C-28BE92B3180C}
	EndGlobalSection
EndGlobal
